
Microsoft Visual Studio Solution File, Format Version 12.00
# Visual Studio Version 16
VisualStudioVersion = 16.0.28803.352
MinimumVisualStudioVersion = 10.0.40219.1
Project("{9A19103F-16F7-4668-BE54-9A1E7A4F7556}") = "ManagR", "ManagR\ManagR.csproj", "{4DFFD38D-50FF-4155-A451-06EB5DA5F7EF}"
EndProject
Project("{FAE04EC0-301F-11D3-BF4B-00C04F79EFBC}") = "ManagR.EntityFramework", "ManagR.EntityFramework\ManagR.EntityFramework.csproj", "{3DEE138E-3307-488C-80B7-77E4F9738B61}"
EndProject
Global
	GlobalSection(SolutionConfigurationPlatforms) = preSolution
		Debug|Any CPU = Debug|Any CPU
		Debug|x64 = Debug|x64
		Release|Any CPU = Release|Any CPU
		Release|x64 = Release|x64
	EndGlobalSection
	GlobalSection(ProjectConfigurationPlatforms) = postSolution
		{4DFFD38D-50FF-4155-A451-06EB5DA5F7EF}.Debug|Any CPU.ActiveCfg = Debug|Any CPU
		{4DFFD38D-50FF-4155-A451-06EB5DA5F7EF}.Debug|Any CPU.Build.0 = Debug|Any CPU
		{4DFFD38D-50FF-4155-A451-06EB5DA5F7EF}.Debug|x64.ActiveCfg = Debug|x64
		{4DFFD38D-50FF-4155-A451-06EB5DA5F7EF}.Debug|x64.Build.0 = Debug|x64
		{4DFFD38D-50FF-4155-A451-06EB5DA5F7EF}.Release|Any CPU.ActiveCfg = Release|Any CPU
		{4DFFD38D-50FF-4155-A451-06EB5DA5F7EF}.Release|Any CPU.Build.0 = Release|Any CPU
		{4DFFD38D-50FF-4155-A451-06EB5DA5F7EF}.Release|x64.ActiveCfg = Release|x64
		{4DFFD38D-50FF-4155-A451-06EB5DA5F7EF}.Release|x64.Build.0 = Release|x64
		{3DEE138E-3307-488C-80B7-77E4F9738B61}.Debug|Any CPU.ActiveCfg = Debug|Any CPU
		{3DEE138E-3307-488C-80B7-77E4F9738B61}.Debug|Any CPU.Build.0 = Debug|Any CPU
		{3DEE138E-3307-488C-80B7-77E4F9738B61}.Debug|x64.ActiveCfg = Debug|Any CPU
		{3DEE138E-3307-488C-80B7-77E4F9738B61}.Debug|x64.Build.0 = Debug|Any CPU
		{3DEE138E-3307-488C-80B7-77E4F9738B61}.Release|Any CPU.ActiveCfg = Release|Any CPU
		{3DEE138E-3307-488C-80B7-77E4F9738B61}.Release|Any CPU.Build.0 = Release|Any CPU
		{3DEE138E-3307-488C-80B7-77E4F9738B61}.Release|x64.ActiveCfg = Release|Any CPU
		{3DEE138E-3307-488C-80B7-77E4F9738B61}.Release|x64.Build.0 = Release|Any CPU
	EndGlobalSection
	GlobalSection(SolutionProperties) = preSolution
		HideSolutionNode = FALSE
	EndGlobalSection
	GlobalSection(ExtensibilityGlobals) = postSolution
		SolutionGuid = {D71DDD71-DE63-4BFC-9F96-0BC80993ED40}
	EndGlobalSection
EndGlobal
